{
  "lockfile_version": "1",
  "packages": {
    "awscli2@2.33.2": {
      "last_modified": "2026-02-23T15:40:43Z",
      "resolved": "github:NixOS/nixpkgs/80d901ec0377e19ac3f7bb8c035201e2e098cc97#awscli2",
      "source": "devbox-search",
      "version": "2.33.2",
      "systems": {
        "aarch64-darwin": {
          "outputs": [
            {
              "name": "out",
              "path": "/nix/store/7fs6pvb0zdzr5pwvjd56lcg4v50zm300-awscli2-2.33.2",
              "default": true
            },
            {
              "name": "dist",
              "path": "/nix/store/mcjyd58vanwzgsdi6r47gp706g7is1kw-awscli2-2.33.2-dist"
            }
          ],
          "store_path": "/nix/store/7fs6pvb0zdzr5pwvjd56lcg4v50zm300-awscli2-2.33.2"
        },
        "aarch64-linux": {
          "outputs": [
            {
              "name": "out",
              "path": "/nix/store/laxzjbgfpaprmrafrgr3sm2a741bjj6m-awscli2-2.33.2",
              "default": true
            },
            {
              "name": "dist",
              "path": "/nix/store/22jvkfalayg0s810xy8al26bxg8y9536-awscli2-2.33.2-dist"
            }
          ],
          "store_path": "/nix/store/laxzjbgfpaprmrafrgr3sm2a741bjj6m-awscli2-2.33.2"
        },
        "x86_64-darwin": {
          "outputs": [
            {
              "name": "out",
              "path": "/nix/store/5xcwq8mbylr3dwxkdjbxf3f0gr8gzb8p-awscli2-2.33.2",
              "default": true
            },
            {
              "name": "dist",
              "path": "/nix/store/4xmpgna7g51r7gyhladf5cfdzgiji1dv-awscli2-2.33.2-dist"
            }
          ],
          "store_path": "/nix/store/5xcwq8mbylr3dwxkdjbxf3f0gr8gzb8p-awscli2-2.33.2"
        },
        "x86_64-linux": {
          "outputs": [
            {
              "name": "out",
              "path": "/nix/store/03f0vsahckikf0xcnqig8mls25c01ga5-awscli2-2.33.2",
              "default": true
            },
            {
              "name": "dist",
              "path": "/nix/store/z908n1mkn8a30dyfmcyf23dqjr2gnh6p-awscli2-2.33.2-dist"
            }
          ],
          "store_path": "/nix/store/03f0vsahckikf0xcnqig8mls25c01ga5-awscli2-2.33.2"
        }
      }
    },
    "fluxcd@2.7.5": {
      "last_modified": "2026-02-23T15:40:43Z",
      "resolved": "github:NixOS/nixpkgs/80d901ec0377e19ac3f7bb8c035201e2e098cc97#fluxcd",
      "source": "devbox-search",
      "version": "2.7.5",
      "systems": {
        "aarch64-darwin": {
          "outputs": [
            {
              "name": "out",
              "path": "/nix/store/aa2x4wkp9xah2ak7i1hp1c5whr5i7ba6-fluxcd-2.7.5",
              "default": true
            }
          ],
          "store_path": "/nix/store/aa2x4wkp9xah2ak7i1hp1c5whr5i7ba6-fluxcd-2.7.5"
        },
        "aarch64-linux": {
          "outputs": [
            {
              "name": "out",
              "path": "/nix/store/2scx134ly9lmflanzsci6qrw08hpi1li-fluxcd-2.7.5",
              "default": true
            }
          ],
          "store_path": "/nix/store/2scx134ly9lmflanzsci6qrw08hpi1li-fluxcd-2.7.5"
        },
        "x86_64-darwin": {
          "outputs": [
            {
              "name": "out",
              "path": "/nix/store/l4jkvyjnca4ihpkxkqkjbkf3fdf2fkhy-fluxcd-2.7.5",
              "default": true
            }
          ],
          "store_path": "/nix/store/l4jkvyjnca4ihpkxkqkjbkf3fdf2fkhy-fluxcd-2.7.5"
        },
        "x86_64-linux": {
          "outputs": [
            {
              "name": "out",
              "path": "/nix/store/r0alqjbxkqkpbapw3lqcgz3hcdzs441l-fluxcd-2.7.5",
              "default": true
            }
          ],
          "store_path": "/nix/store/r0alqjbxkqkpbapw3lqcgz3hcdzs441l-fluxcd-2.7.5"
        }
      }
    },
    "github:NixOS/nixpkgs/nixpkgs-unstable": {
      "last_modified": "2025-11-16T17:00:02Z",
      "resolved": "github:NixOS/nixpkgs/85a6c4a07faa12aaccd81b36ba9bfc2bec974fa1?lastModified=1763312402&narHash=sha256-3YJkOBrFpmcusnh7i8GXXEyh7qZG%2F8F5z5%2B717550Hk%3D"
    },
    "go@1.26.0": {
      "last_modified": "2026-02-23T15:40:43Z",
      "resolved": "github:NixOS/nixpkgs/80d901ec0377e19ac3f7bb8c035201e2e098cc97#go_1_26",
      "source": "devbox-search",
      "version": "1.26.0",
      "systems": {
        "aarch64-darwin": {
          "outputs": [
            {
              "name": "out",
              "path": "/nix/store/5ajixjk279m40yf6x96xxlnvw1wg6hq3-go-1.26.0",
              "default": true
            }
          ],
          "store_path": "/nix/store/5ajixjk279m40yf6x96xxlnvw1wg6hq3-go-1.26.0"
        },
        "aarch64-linux": {
          "outputs": [
            {
              "name": "out",
              "path": "/nix/store/b0ncnyjis5pfzm86pb0y3klgdw2gwyww-go-1.26.0",
              "default": true
            }
          ],
          "store_path": "/nix/store/b0ncnyjis5pfzm86pb0y3klgdw2gwyww-go-1.26.0"
        },
        "x86_64-darwin": {
          "outputs": [
            {
              "name": "out",
              "path": "/nix/store/kpr6dqdjixi0b1wh7phisqmzkxjw7ln7-go-1.26.0",
              "default": true
            }
          ],
          "store_path": "/nix/store/kpr6dqdjixi0b1wh7phisqmzkxjw7ln7-go-1.26.0"
        },
        "x86_64-linux": {
          "outputs": [
            {
              "name": "out",
              "path": "/nix/store/s9dwyyi8mk76wslsm6jl50ky9hd11pv3-go-1.26.0",
              "default": true
            }
          ],
          "store_path": "/nix/store/s9dwyyi8mk76wslsm6jl50ky9hd11pv3-go-1.26.0"
        }
      }
    },
    "goimports@2021-01-13": {
      "last_modified": "2022-02-15T04:21:50Z",
      "resolved": "github:NixOS/nixpkgs/3a641defd170a4ef25ce8c7c64cb13f91f867fca#goimports",
      "source": "devbox-search",
      "version": "2021-01-13",
      "systems": {
        "aarch64-linux": {
          "outputs": [
            {
              "name": "01-13",
              "path": "/nix/store/xy9ihffkz99w7ygqxn5lhxzl52z0ah7b-gotools-unstable-2021-01-13",
              "default": true
            }
          ]
        }
      }
    },
    "golangci-lint@2.10.1": {
      "last_modified": "2026-02-23T15:40:43Z",
      "resolved": "github:NixOS/nixpkgs/80d901ec0377e19ac3f7bb8c035201e2e098cc97#golangci-lint",
      "source": "devbox-search",
      "version": "2.10.1",
      "systems": {
        "aarch64-darwin": {
          "outputs": [
            {
              "name": "out",
              "path": "/nix/store/1rrjjclzxlr6f1ivb6l74vq1n1g1lki8-golangci-lint-2.10.1",
              "default": true
            }
          ],
          "store_path": "/nix/store/1rrjjclzxlr6f1ivb6l74vq1n1g1lki8-golangci-lint-2.10.1"
        },
        "aarch64-linux": {
          "outputs": [
            {
              "name": "out",
              "path": "/nix/store/ri4b9yqars42sc3hwwa5w81w91h13lm8-golangci-lint-2.10.1",
              "default": true
            }
          ],
          "store_path": "/nix/store/ri4b9yqars42sc3hwwa5w81w91h13lm8-golangci-lint-2.10.1"
        },
        "x86_64-darwin": {
          "outputs": [
            {
              "name": "out",
              "path": "/nix/store/qvvg1rv8b4m4qyvqh40zc4nfa72vyzlw-golangci-lint-2.10.1",
              "default": true
            }
          ],
          "store_path": "/nix/store/qvvg1rv8b4m4qyvqh40zc4nfa72vyzlw-golangci-lint-2.10.1"
        },
        "x86_64-linux": {
          "outputs": [
            {
              "name": "out",
              "path": "/nix/store/ziv6x93wkd587qji6z0648050g0r9qjn-golangci-lint-2.10.1",
              "default": true
            }
          ],
          "store_path": "/nix/store/ziv6x93wkd587qji6z0648050g0r9qjn-golangci-lint-2.10.1"
        }
      }
    },
    "gopls@0.21.1": {
      "last_modified": "2026-02-23T15:40:43Z",
      "resolved": "github:NixOS/nixpkgs/80d901ec0377e19ac3f7bb8c035201e2e098cc97#gopls",
      "source": "devbox-search",
      "version": "0.21.1",
      "systems": {
        "aarch64-darwin": {
          "outputs": [
            {
              "name": "out",
              "path": "/nix/store/5498nh3pn799k53gwqlpmzwhvapj7qn6-gopls-0.21.1",
              "default": true
            }
          ],
          "store_path": "/nix/store/5498nh3pn799k53gwqlpmzwhvapj7qn6-gopls-0.21.1"
        },
        "aarch64-linux": {
          "outputs": [
            {
              "name": "out",
              "path": "/nix/store/06vifzs8s96q6ihd2njicwrd51y9p9nm-gopls-0.21.1",
              "default": true
            }
          ],
          "store_path": "/nix/store/06vifzs8s96q6ihd2njicwrd51y9p9nm-gopls-0.21.1"
        },
        "x86_64-darwin": {
          "outputs": [
            {
              "name": "out",
              "path": "/nix/store/7kx9q9pj2c12cdxhjy2sl7jzlkyn2cv7-gopls-0.21.1",
              "default": true
            }
          ],
          "store_path": "/nix/store/7kx9q9pj2c12cdxhjy2sl7jzlkyn2cv7-gopls-0.21.1"
        },
        "x86_64-linux": {
          "outputs": [
            {
              "name": "out",
              "path": "/nix/store/673mkzhmbf2syvzbx9kfg85xzw043lk3-gopls-0.21.1",
              "default": true
            }
          ],
          "store_path": "/nix/store/673mkzhmbf2syvzbx9kfg85xzw043lk3-gopls-0.21.1"
        }
      }
    },
    "kind@0.31.0": {
      "last_modified": "2026-01-23T17:20:52Z",
      "resolved": "github:NixOS/nixpkgs/a1bab9e494f5f4939442a57a58d0449a109593fe#kind",
      "source": "devbox-search",
      "version": "0.31.0",
      "systems": {
        "aarch64-darwin": {
          "outputs": [
            {
              "name": "out",
              "path": "/nix/store/jhrinvskzfygyf1zpqdldrr4s684pqpq-kind-0.31.0",
              "default": true
            }
          ],
          "store_path": "/nix/store/jhrinvskzfygyf1zpqdldrr4s684pqpq-kind-0.31.0"
        },
        "aarch64-linux": {
          "outputs": [
            {
              "name": "out",
              "path": "/nix/store/z4c4swmiyk3nrcp7glz773mlkhzay46s-kind-0.31.0",
              "default": true
            }
          ],
          "store_path": "/nix/store/z4c4swmiyk3nrcp7glz773mlkhzay46s-kind-0.31.0"
        },
        "x86_64-darwin": {
          "outputs": [
            {
              "name": "out",
              "path": "/nix/store/837blpxb5qvcslbm5s770cx8wzhm4wgv-kind-0.31.0",
              "default": true
            }
          ],
          "store_path": "/nix/store/837blpxb5qvcslbm5s770cx8wzhm4wgv-kind-0.31.0"
        },
        "x86_64-linux": {
          "outputs": [
            {
              "name": "out",
              "path": "/nix/store/y8w7xm64r76pvdycqjmi7389cv6ilh3g-kind-0.31.0",
              "default": true
            }
          ],
          "store_path": "/nix/store/y8w7xm64r76pvdycqjmi7389cv6ilh3g-kind-0.31.0"
        }
      }
    },
    "kubebuilder@4.10.1": {
      "last_modified": "2026-01-23T17:20:52Z",
      "resolved": "github:NixOS/nixpkgs/a1bab9e494f5f4939442a57a58d0449a109593fe#kubebuilder",
      "source": "devbox-search",
      "version": "4.10.1",
      "systems": {
        "aarch64-darwin": {
          "outputs": [
            {
              "name": "out",
              "path": "/nix/store/2q45jl8ixzhzrm6lr8z2p43paddgdzm5-kubebuilder-4.10.1",
              "default": true
            }
          ],
          "store_path": "/nix/store/2q45jl8ixzhzrm6lr8z2p43paddgdzm5-kubebuilder-4.10.1"
        },
        "aarch64-linux": {
          "outputs": [
            {
              "name": "out",
              "path": "/nix/store/sjfr67xvxzk4aigjyh7pl532h2znf9gw-kubebuilder-4.10.1",
              "default": true
            }
          ],
          "store_path": "/nix/store/sjfr67xvxzk4aigjyh7pl532h2znf9gw-kubebuilder-4.10.1"
        },
        "x86_64-darwin": {
          "outputs": [
            {
              "name": "out",
              "path": "/nix/store/pccx77r3jwr3fj4ssg73r9rm3s1ynh88-kubebuilder-4.10.1",
              "default": true
            }
          ],
          "store_path": "/nix/store/pccx77r3jwr3fj4ssg73r9rm3s1ynh88-kubebuilder-4.10.1"
        },
        "x86_64-linux": {
          "outputs": [
            {
              "name": "out",
              "path": "/nix/store/w2w33ljh776bd1j5s2zldbl3jjggnrsz-kubebuilder-4.10.1",
              "default": true
            }
          ],
          "store_path": "/nix/store/w2w33ljh776bd1j5s2zldbl3jjggnrsz-kubebuilder-4.10.1"
        }
      }
    },
    "kubectl@1.35.0": {
      "last_modified": "2026-02-23T15:40:43Z",
      "resolved": "github:NixOS/nixpkgs/80d901ec0377e19ac3f7bb8c035201e2e098cc97#kubectl",
      "source": "devbox-search",
      "version": "1.35.0",
      "systems": {
        "aarch64-darwin": {
          "outputs": [
            {
              "name": "out",
              "path": "/nix/store/vc9x3pbgiayy7404pizw2597ckxbx5iv-kubectl-1.35.0",
              "default": true
            },
            {
              "name": "man",
              "path": "/nix/store/kkw3fydnm0j5623by42z87z88x65j3da-kubectl-1.35.0-man",
              "default": true
            },
            {
              "name": "convert",
              "path": "/nix/store/z7sjfxgi8hfxp2lhnmsc8cxrivq47388-kubectl-1.35.0-convert"
            }
          ],
          "store_path": "/nix/store/vc9x3pbgiayy7404pizw2597ckxbx5iv-kubectl-1.35.0"
        },
        "aarch64-linux": {
          "outputs": [
            {
              "name": "out",
              "path": "/nix/store/dwv1pr9ammi7nvg2wrh8i1b1pc4s1kdc-kubectl-1.35.0",
              "default": true
            },
            {
              "name": "man",
              "path": "/nix/store/5xpp0xycjgp6a4j4m0p3imfx60nm8qk1-kubectl-1.35.0-man",
              "default": true
            },
            {
              "name": "convert",
              "path": "/nix/store/z9sdg7h4g18pjxsammdn8v99mxfiwanq-kubectl-1.35.0-convert"
            }
          ],
          "store_path": "/nix/store/dwv1pr9ammi7nvg2wrh8i1b1pc4s1kdc-kubectl-1.35.0"
        },
        "x86_64-darwin": {
          "outputs": [
            {
              "name": "out",
              "path": "/nix/store/aspny4z58b3ggw0v4dayngrxjgqhfkwh-kubectl-1.35.0",
              "default": true
            },
            {
              "name": "man",
              "path": "/nix/store/39lj9l9nr6q1il6x3gwvrxbncawkjicf-kubectl-1.35.0-man",
              "default": true
            },
            {
              "name": "convert",
              "path": "/nix/store/8nfmr74j1ls3parfa3l6zglfgmzm7a99-kubectl-1.35.0-convert"
            }
          ],
          "store_path": "/nix/store/aspny4z58b3ggw0v4dayngrxjgqhfkwh-kubectl-1.35.0"
        },
        "x86_64-linux": {
          "outputs": [
            {
              "name": "out",
              "path": "/nix/store/36ji0srf1rf0fhk27410g3i0njwqrfb3-kubectl-1.35.0",
              "default": true
            },
            {
              "name": "man",
              "path": "/nix/store/11329ky5q3yd8h6b2f6dilhxd93lp6a9-kubectl-1.35.0-man",
              "default": true
            },
            {
              "name": "convert",
              "path": "/nix/store/lzbrmcxx8zwjyi3k18f5jdv8axrgcyz8-kubectl-1.35.0-convert"
            }
          ],
          "store_path": "/nix/store/36ji0srf1rf0fhk27410g3i0njwqrfb3-kubectl-1.35.0"
        }
      }
    },
    "kubectx@0.9.5": {
      "last_modified": "2025-10-22T20:59:19Z",
      "resolved": "github:NixOS/nixpkgs/01b6809f7f9d1183a2b3e081f0a1e6f8f415cb09#kubectx",
      "source": "devbox-search",
      "version": "0.9.5",
      "systems": {
        "aarch64-darwin": {
          "outputs": [
            {
              "name": "out",
              "path": "/nix/store/imm41ii0axw0iag0q3cbb9zvk9lbn8pm-kubectx-0.9.5",
              "default": true
            }
          ],
          "store_path": "/nix/store/imm41ii0axw0iag0q3cbb9zvk9lbn8pm-kubectx-0.9.5"
        },
        "aarch64-linux": {
          "outputs": [
            {
              "name": "out",
              "path": "/nix/store/y3716f9ik9k56hyxrd9yd1wz1i9058vv-kubectx-0.9.5",
              "default": true
            }
          ],
          "store_path": "/nix/store/y3716f9ik9k56hyxrd9yd1wz1i9058vv-kubectx-0.9.5"
        },
        "x86_64-darwin": {
          "outputs": [
            {
              "name": "out",
              "path": "/nix/store/17k7wp0hxsvwzn22rd734cjprr86jg46-kubectx-0.9.5",
              "default": true
            }
          ],
          "store_path": "/nix/store/17k7wp0hxsvwzn22rd734cjprr86jg46-kubectx-0.9.5"
        },
        "x86_64-linux": {
          "outputs": [
            {
              "name": "out",
              "path": "/nix/store/7z0x2gm2kycdxig7gzkk3xkzw27agjjy-kubectx-0.9.5",
              "default": true
            }
          ],
          "store_path": "/nix/store/7z0x2gm2kycdxig7gzkk3xkzw27agjjy-kubectx-0.9.5"
        }
      }
    },
    "kubernetes-helm@3.19.1": {
      "last_modified": "2026-02-23T15:40:43Z",
      "resolved": "github:NixOS/nixpkgs/80d901ec0377e19ac3f7bb8c035201e2e098cc97#kubernetes-helm",
      "source": "devbox-search",
      "version": "3.19.1",
      "systems": {
        "aarch64-darwin": {
          "outputs": [
            {
              "name": "out",
              "path": "/nix/store/qgnf88s44vlb5flhrdiica0x7iq48yf3-kubernetes-helm-3.19.1",
              "default": true
            }
          ],
          "store_path": "/nix/store/qgnf88s44vlb5flhrdiica0x7iq48yf3-kubernetes-helm-3.19.1"
        },
        "aarch64-linux": {
          "outputs": [
            {
              "name": "out",
              "path": "/nix/store/rmzqdyhxj0sa2fm5h2r2fsrxl19jlvis-kubernetes-helm-3.19.1",
              "default": true
            }
          ],
          "store_path": "/nix/store/rmzqdyhxj0sa2fm5h2r2fsrxl19jlvis-kubernetes-helm-3.19.1"
        },
        "x86_64-darwin": {
          "outputs": [
            {
              "name": "out",
              "path": "/nix/store/gwrsg2lq73bppnj7j9afzfz6biva1jfa-kubernetes-helm-3.19.1",
              "default": true
            }
          ],
          "store_path": "/nix/store/gwrsg2lq73bppnj7j9afzfz6biva1jfa-kubernetes-helm-3.19.1"
        },
        "x86_64-linux": {
          "outputs": [
            {
              "name": "out",
              "path": "/nix/store/3bjwp28yvv86pih7k9p7n7w5jhcn8qd9-kubernetes-helm-3.19.1",
              "default": true
            }
          ],
          "store_path": "/nix/store/3bjwp28yvv86pih7k9p7n7w5jhcn8qd9-kubernetes-helm-3.19.1"
        }
      }
    },
    "kustomize@5.8.1": {
      "last_modified": "2026-02-23T15:40:43Z",
      "resolved": "github:NixOS/nixpkgs/80d901ec0377e19ac3f7bb8c035201e2e098cc97#kustomize",
      "source": "devbox-search",
      "version": "5.8.1",
      "systems": {
        "aarch64-darwin": {
          "outputs": [
            {
              "name": "out",
              "path": "/nix/store/2pmw8rfy7ghnppjf0cjgf3fkwpadpwqb-kustomize-5.8.1",
              "default": true
            }
          ],
          "store_path": "/nix/store/2pmw8rfy7ghnppjf0cjgf3fkwpadpwqb-kustomize-5.8.1"
        },
        "aarch64-linux": {
          "outputs": [
            {
              "name": "out",
              "path": "/nix/store/rd25hg38k24mwmqjmc3rwdv21w7sdm7d-kustomize-5.8.1",
              "default": true
            }
          ],
          "store_path": "/nix/store/rd25hg38k24mwmqjmc3rwdv21w7sdm7d-kustomize-5.8.1"
        },
        "x86_64-darwin": {
          "outputs": [
            {
              "name": "out",
              "path": "/nix/store/ribrf90mvlxwwcqblk20pwfr2ibczvpp-kustomize-5.8.1",
              "default": true
            }
          ],
          "store_path": "/nix/store/ribrf90mvlxwwcqblk20pwfr2ibczvpp-kustomize-5.8.1"
        },
        "x86_64-linux": {
          "outputs": [
            {
              "name": "out",
              "path": "/nix/store/abmras5k76igswjiz9p208rvjq7289v5-kustomize-5.8.1",
              "default": true
            }
          ],
          "store_path": "/nix/store/abmras5k76igswjiz9p208rvjq7289v5-kustomize-5.8.1"
        }
      }
    },
    "lazygit@0.59.0": {
      "last_modified": "2026-02-23T15:40:43Z",
      "resolved": "github:NixOS/nixpkgs/80d901ec0377e19ac3f7bb8c035201e2e098cc97#lazygit",
      "source": "devbox-search",
      "version": "0.59.0",
      "systems": {
        "aarch64-darwin": {
          "outputs": [
            {
              "name": "out",
              "path": "/nix/store/4wcyzld2g7rhgh5sdnbqgprk5gci42xj-lazygit-0.59.0",
              "default": true
            }
          ],
          "store_path": "/nix/store/4wcyzld2g7rhgh5sdnbqgprk5gci42xj-lazygit-0.59.0"
        },
        "aarch64-linux": {
          "outputs": [
            {
              "name": "out",
              "path": "/nix/store/rbka7nr06img6a6dxkr81pb1km7x09ah-lazygit-0.59.0",
              "default": true
            }
          ],
          "store_path": "/nix/store/rbka7nr06img6a6dxkr81pb1km7x09ah-lazygit-0.59.0"
        },
        "x86_64-darwin": {
          "outputs": [
            {
              "name": "out",
              "path": "/nix/store/d08gjm207i1kzk3jcgrrpq368bxls9w6-lazygit-0.59.0",
              "default": true
            }
          ],
          "store_path": "/nix/store/d08gjm207i1kzk3jcgrrpq368bxls9w6-lazygit-0.59.0"
        },
        "x86_64-linux": {
          "outputs": [
            {
              "name": "out",
              "path": "/nix/store/20q7d2r609hk09jgxi2pr7qf75gr657v-lazygit-0.59.0",
              "default": true
            }
          ],
          "store_path": "/nix/store/20q7d2r609hk09jgxi2pr7qf75gr657v-lazygit-0.59.0"
        }
      }
    },
    "opentelemetry-collector-builder@0.144.0": {
      "last_modified": "2026-01-30T02:32:49Z",
      "resolved": "github:NixOS/nixpkgs/6308c3b21396534d8aaeac46179c14c439a89b8a#opentelemetry-collector-builder",
      "source": "devbox-search",
      "version": "0.144.0",
      "systems": {
        "aarch64-darwin": {
          "outputs": [
            {
              "name": "out",
              "path": "/nix/store/m8vf83wshsjs641dn9xc1pyaskck3926-ocb-0.144.0",
              "default": true
            }
          ],
          "store_path": "/nix/store/m8vf83wshsjs641dn9xc1pyaskck3926-ocb-0.144.0"
        },
        "aarch64-linux": {
          "outputs": [
            {
              "name": "out",
              "path": "/nix/store/cq1y1bcr59pz29nxdk7zgwrcr52mbgp0-ocb-0.144.0",
              "default": true
            }
          ],
          "store_path": "/nix/store/cq1y1bcr59pz29nxdk7zgwrcr52mbgp0-ocb-0.144.0"
        },
        "x86_64-darwin": {
          "outputs": [
            {
              "name": "out",
              "path": "/nix/store/8d6jjm16j9fiwj9hnic2xkdy33pifny9-ocb-0.144.0",
              "default": true
            }
          ],
          "store_path": "/nix/store/8d6jjm16j9fiwj9hnic2xkdy33pifny9-ocb-0.144.0"
        },
        "x86_64-linux": {
          "outputs": [
            {
              "name": "out",
              "path": "/nix/store/ngy86xlab1bnb46wqifnyc2b2gdcxbqy-ocb-0.144.0",
              "default": true
            }
          ],
          "store_path": "/nix/store/ngy86xlab1bnb46wqifnyc2b2gdcxbqy-ocb-0.144.0"
        }
      }
    },
    "protobuf@33.5": {
      "last_modified": "2026-02-23T15:40:43Z",
      "resolved": "github:NixOS/nixpkgs/80d901ec0377e19ac3f7bb8c035201e2e098cc97#protobuf",
      "source": "devbox-search",
      "version": "33.5",
      "systems": {
        "aarch64-darwin": {
          "outputs": [
            {
              "name": "out",
              "path": "/nix/store/w7ixs70mwsbkr6h7x158s28wxj5ksqlz-protobuf-33.5",
              "default": true
            }
          ],
          "store_path": "/nix/store/w7ixs70mwsbkr6h7x158s28wxj5ksqlz-protobuf-33.5"
        },
        "aarch64-linux": {
          "outputs": [
            {
              "name": "out",
              "path": "/nix/store/600hwaz4l959b7lxzxd4hjyml9rzjkgb-protobuf-33.5",
              "default": true
            },
            {
              "name": "debug",
              "path": "/nix/store/d90d9v8m7d9ldz92ivhgq0wqqch2rxhr-protobuf-33.5-debug"
            }
          ],
          "store_path": "/nix/store/600hwaz4l959b7lxzxd4hjyml9rzjkgb-protobuf-33.5"
        },
        "x86_64-darwin": {
          "outputs": [
            {
              "name": "out",
              "path": "/nix/store/k3akiv87fwy0vp4i83yr24lg5j56ccgc-protobuf-33.5",
              "default": true
            }
          ],
          "store_path": "/nix/store/k3akiv87fwy0vp4i83yr24lg5j56ccgc-protobuf-33.5"
        },
        "x86_64-linux": {
          "outputs": [
            {
              "name": "out",
              "path": "/nix/store/8sbmq3x389mnh8kz3lp3m2r43p4xp33h-protobuf-33.5",
              "default": true
            },
            {
              "name": "debug",
              "path": "/nix/store/vappv4dq10ka28ypl2df8czfffmnmv35-protobuf-33.5-debug"
            }
          ],
          "store_path": "/nix/store/8sbmq3x389mnh8kz3lp3m2r43p4xp33h-protobuf-33.5"
        }
      }
    },
    "protoc-gen-go-grpc@1.6.0": {
      "last_modified": "2026-02-23T15:40:43Z",
      "resolved": "github:NixOS/nixpkgs/80d901ec0377e19ac3f7bb8c035201e2e098cc97#protoc-gen-go-grpc",
      "source": "devbox-search",
      "version": "1.6.0",
      "systems": {
        "aarch64-darwin": {
          "outputs": [
            {
              "name": "out",
              "path": "/nix/store/xn354c663g34mxwb8picjsqy79cl7fdm-protoc-gen-go-grpc-1.6.0",
              "default": true
            }
          ],
          "store_path": "/nix/store/xn354c663g34mxwb8picjsqy79cl7fdm-protoc-gen-go-grpc-1.6.0"
        },
        "aarch64-linux": {
          "outputs": [
            {
              "name": "out",
              "path": "/nix/store/6dv7dc5mka45hih0w39jfzgh89rs70mq-protoc-gen-go-grpc-1.6.0",
              "default": true
            }
          ],
          "store_path": "/nix/store/6dv7dc5mka45hih0w39jfzgh89rs70mq-protoc-gen-go-grpc-1.6.0"
        },
        "x86_64-darwin": {
          "outputs": [
            {
              "name": "out",
              "path": "/nix/store/qdby47wd2lx3hcp8w4y6pysglr6vyanq-protoc-gen-go-grpc-1.6.0",
              "default": true
            }
          ],
          "store_path": "/nix/store/qdby47wd2lx3hcp8w4y6pysglr6vyanq-protoc-gen-go-grpc-1.6.0"
        },
        "x86_64-linux": {
          "outputs": [
            {
              "name": "out",
              "path": "/nix/store/bxw7jmkafrpshw3n22q7b7kls1bw8293-protoc-gen-go-grpc-1.6.0",
              "default": true
            }
          ],
          "store_path": "/nix/store/bxw7jmkafrpshw3n22q7b7kls1bw8293-protoc-gen-go-grpc-1.6.0"
        }
      }
    },
    "protoc-gen-go@1.36.11": {
      "last_modified": "2026-02-23T15:40:43Z",
      "resolved": "github:NixOS/nixpkgs/80d901ec0377e19ac3f7bb8c035201e2e098cc97#protoc-gen-go",
      "source": "devbox-search",
      "version": "1.36.11",
      "systems": {
        "aarch64-darwin": {
          "outputs": [
            {
              "name": "out",
              "path": "/nix/store/qr2pa9q8l4ba2r2zx1mbrwnkwi7ys9hz-protoc-gen-go-1.36.11",
              "default": true
            }
          ],
          "store_path": "/nix/store/qr2pa9q8l4ba2r2zx1mbrwnkwi7ys9hz-protoc-gen-go-1.36.11"
        },
        "aarch64-linux": {
          "outputs": [
            {
              "name": "out",
              "path": "/nix/store/j8w3p4fp6w6pwipmcix5zfgcb6ma12sh-protoc-gen-go-1.36.11",
              "default": true
            }
          ],
          "store_path": "/nix/store/j8w3p4fp6w6pwipmcix5zfgcb6ma12sh-protoc-gen-go-1.36.11"
        },
        "x86_64-darwin": {
          "outputs": [
            {
              "name": "out",
              "path": "/nix/store/bfx8sdzdrhnnq0n1ybgbhfwh6chfwjjl-protoc-gen-go-1.36.11",
              "default": true
            }
          ],
          "store_path": "/nix/store/bfx8sdzdrhnnq0n1ybgbhfwh6chfwjjl-protoc-gen-go-1.36.11"
        },
        "x86_64-linux": {
          "outputs": [
            {
              "name": "out",
              "path": "/nix/store/0hmxk8gvmq5k8cixjap43sj633s6zlrq-protoc-gen-go-1.36.11",
              "default": true
            }
          ],
          "store_path": "/nix/store/0hmxk8gvmq5k8cixjap43sj633s6zlrq-protoc-gen-go-1.36.11"
        }
      }
    }
  }
}
