{
  "lockfile_version": "1",
  "packages": {
    "air@1.62.0": {
      "last_modified": "2025-06-01T15:36:18Z",
      "resolved": "github:NixOS/nixpkgs/5929de975bcf4c7c8d8b5ca65c8cd9ef9e44523e#air",
      "source": "devbox-search",
      "version": "1.62.0",
      "systems": {
        "aarch64-darwin": {
          "outputs": [
            {
              "name": "out",
              "path": "/nix/store/2l5c3y836b4zr39zbky1lm1k7iz79hfj-air-1.62.0",
              "default": true
            }
          ],
          "store_path": "/nix/store/2l5c3y836b4zr39zbky1lm1k7iz79hfj-air-1.62.0"
        },
        "aarch64-linux": {
          "outputs": [
            {
              "name": "out",
              "path": "/nix/store/ss8d50iil2ccanj7pik4wly7q76xg015-air-1.62.0",
              "default": true
            }
          ],
          "store_path": "/nix/store/ss8d50iil2ccanj7pik4wly7q76xg015-air-1.62.0"
        },
        "x86_64-darwin": {
          "outputs": [
            {
              "name": "out",
              "path": "/nix/store/nz1ricgxd65rr3mf2bbhffzgkbz2s347-air-1.62.0",
              "default": true
            }
          ],
          "store_path": "/nix/store/nz1ricgxd65rr3mf2bbhffzgkbz2s347-air-1.62.0"
        },
        "x86_64-linux": {
          "outputs": [
            {
              "name": "out",
              "path": "/nix/store/g69p8bdi3r5hgmbila39bk8gfr1zm7aa-air-1.62.0",
              "default": true
            }
          ],
          "store_path": "/nix/store/g69p8bdi3r5hgmbila39bk8gfr1zm7aa-air-1.62.0"
        }
      }
    },
    "argocd@3.1.6": {
      "last_modified": "2025-09-21T00:54:27Z",
      "resolved": "github:NixOS/nixpkgs/51c8f9cfaae8306d135095bcdb3df9027f95542d#argocd",
      "source": "devbox-search",
      "version": "3.1.6",
      "systems": {
        "aarch64-darwin": {
          "outputs": [
            {
              "name": "out",
              "path": "/nix/store/dfpcqp8jqwd29x81nfxl6czi2gxns39k-argocd-3.1.6",
              "default": true
            }
          ],
          "store_path": "/nix/store/dfpcqp8jqwd29x81nfxl6czi2gxns39k-argocd-3.1.6"
        },
        "aarch64-linux": {
          "outputs": [
            {
              "name": "out",
              "path": "/nix/store/wn9iwmshygy0ac1fbz8lj09xylyc0dkj-argocd-3.1.6",
              "default": true
            }
          ],
          "store_path": "/nix/store/wn9iwmshygy0ac1fbz8lj09xylyc0dkj-argocd-3.1.6"
        },
        "x86_64-darwin": {
          "outputs": [
            {
              "name": "out",
              "path": "/nix/store/z6vwdl2g94746w4fy1fr225qqlaryw8b-argocd-3.1.6",
              "default": true
            }
          ],
          "store_path": "/nix/store/z6vwdl2g94746w4fy1fr225qqlaryw8b-argocd-3.1.6"
        },
        "x86_64-linux": {
          "outputs": [
            {
              "name": "out",
              "path": "/nix/store/azbb8jqglifa6wqjkfad9mfjjbq75f8a-argocd-3.1.6",
              "default": true
            }
          ],
          "store_path": "/nix/store/azbb8jqglifa6wqjkfad9mfjjbq75f8a-argocd-3.1.6"
        }
      }
    },
    "awscli2@2.27.2": {
      "last_modified": "2025-05-19T23:16:24Z",
      "resolved": "github:NixOS/nixpkgs/359c442b7d1f6229c1dc978116d32d6c07fe8440#awscli2",
      "source": "devbox-search",
      "version": "2.27.2",
      "systems": {
        "aarch64-darwin": {
          "outputs": [
            {
              "name": "out",
              "path": "/nix/store/b5fa0fplfpiyx8zwc9y7d08a57lsk229-awscli2-2.27.2",
              "default": true
            },
            {
              "name": "dist",
              "path": "/nix/store/sc270lyggbhz78lcxh9khqmggayqpp6i-awscli2-2.27.2-dist"
            }
          ],
          "store_path": "/nix/store/b5fa0fplfpiyx8zwc9y7d08a57lsk229-awscli2-2.27.2"
        },
        "aarch64-linux": {
          "outputs": [
            {
              "name": "out",
              "path": "/nix/store/161s22pbddllc4mabgr5rvrpmhiffsp4-awscli2-2.27.2",
              "default": true
            },
            {
              "name": "dist",
              "path": "/nix/store/ss8xqzwn1l8qdbwlml439bx1ik13vxlk-awscli2-2.27.2-dist"
            }
          ],
          "store_path": "/nix/store/161s22pbddllc4mabgr5rvrpmhiffsp4-awscli2-2.27.2"
        },
        "x86_64-darwin": {
          "outputs": [
            {
              "name": "out",
              "path": "/nix/store/l18j8wgidf145m0zw6ydg8blim44hrkq-awscli2-2.27.2",
              "default": true
            },
            {
              "name": "dist",
              "path": "/nix/store/q9rzj2ikpl9vn4sns3ydsy7i8sachnha-awscli2-2.27.2-dist"
            }
          ],
          "store_path": "/nix/store/l18j8wgidf145m0zw6ydg8blim44hrkq-awscli2-2.27.2"
        },
        "x86_64-linux": {
          "outputs": [
            {
              "name": "out",
              "path": "/nix/store/gx3hx0b3lbm11sishxl4k7a7ha4w405q-awscli2-2.27.2",
              "default": true
            },
            {
              "name": "dist",
              "path": "/nix/store/r5cw3141myaf5lnzra9c0nc8prb2zv6y-awscli2-2.27.2-dist"
            }
          ],
          "store_path": "/nix/store/gx3hx0b3lbm11sishxl4k7a7ha4w405q-awscli2-2.27.2"
        }
      }
    },
    "fluxcd@2.6.4": {
      "last_modified": "2025-09-18T16:33:27Z",
      "resolved": "github:NixOS/nixpkgs/f4b140d5b253f5e2a1ff4e5506edbf8267724bde#fluxcd",
      "source": "devbox-search",
      "version": "2.6.4",
      "systems": {
        "aarch64-darwin": {
          "outputs": [
            {
              "name": "out",
              "path": "/nix/store/pn1gs0gr4s3q9a583xlpkhp2w3b423jp-fluxcd-2.6.4",
              "default": true
            }
          ],
          "store_path": "/nix/store/pn1gs0gr4s3q9a583xlpkhp2w3b423jp-fluxcd-2.6.4"
        },
        "aarch64-linux": {
          "outputs": [
            {
              "name": "out",
              "path": "/nix/store/r2aav7kkgnivph1pxy6drfaqzvbsdwv4-fluxcd-2.6.4",
              "default": true
            }
          ],
          "store_path": "/nix/store/r2aav7kkgnivph1pxy6drfaqzvbsdwv4-fluxcd-2.6.4"
        },
        "x86_64-darwin": {
          "outputs": [
            {
              "name": "out",
              "path": "/nix/store/jsn0hdr3mg8jy4dza2x2ddf31kjk0xd9-fluxcd-2.6.4",
              "default": true
            }
          ],
          "store_path": "/nix/store/jsn0hdr3mg8jy4dza2x2ddf31kjk0xd9-fluxcd-2.6.4"
        },
        "x86_64-linux": {
          "outputs": [
            {
              "name": "out",
              "path": "/nix/store/5cpwqpa1zkrz024dysz8mhw8cxkfb2gh-fluxcd-2.6.4",
              "default": true
            }
          ],
          "store_path": "/nix/store/5cpwqpa1zkrz024dysz8mhw8cxkfb2gh-fluxcd-2.6.4"
        }
      }
    },
    "github:NixOS/nixpkgs/nixpkgs-unstable": {
      "last_modified": "2025-06-14T12:19:57Z",
      "resolved": "github:NixOS/nixpkgs/41da1e3ea8e23e094e5e3eeb1e6b830468a7399e?lastModified=1749903597&narHash=sha256-jp0D4vzBcRKwNZwfY4BcWHemLGUs4JrS3X9w5k%2FJYDA%3D"
    },
    "go@1.24.3": {
      "last_modified": "2025-05-16T20:19:48Z",
      "resolved": "github:NixOS/nixpkgs/12a55407652e04dcf2309436eb06fef0d3713ef3#go",
      "source": "devbox-search",
      "version": "1.24.3",
      "systems": {
        "aarch64-darwin": {
          "outputs": [
            {
              "name": "out",
              "path": "/nix/store/ps3admpzmc1ryvn9q7sw5xfd94dkrb3f-go-1.24.3",
              "default": true
            }
          ],
          "store_path": "/nix/store/ps3admpzmc1ryvn9q7sw5xfd94dkrb3f-go-1.24.3"
        },
        "aarch64-linux": {
          "outputs": [
            {
              "name": "out",
              "path": "/nix/store/45bnqhyyq40p91k3cjw0farx3hn1swx6-go-1.24.3",
              "default": true
            }
          ],
          "store_path": "/nix/store/45bnqhyyq40p91k3cjw0farx3hn1swx6-go-1.24.3"
        },
        "x86_64-darwin": {
          "outputs": [
            {
              "name": "out",
              "path": "/nix/store/9z2kb6hxij7pqi0fgcn9ijhpb7ajpazs-go-1.24.3",
              "default": true
            }
          ],
          "store_path": "/nix/store/9z2kb6hxij7pqi0fgcn9ijhpb7ajpazs-go-1.24.3"
        },
        "x86_64-linux": {
          "outputs": [
            {
              "name": "out",
              "path": "/nix/store/5xvi25nqmbrg58aixp4zgczilfnp7pwg-go-1.24.3",
              "default": true
            }
          ],
          "store_path": "/nix/store/5xvi25nqmbrg58aixp4zgczilfnp7pwg-go-1.24.3"
        }
      }
    },
    "goimports@2021-01-13": {
      "last_modified": "2022-02-15T04:21:50Z",
      "resolved": "github:NixOS/nixpkgs/3a641defd170a4ef25ce8c7c64cb13f91f867fca#goimports",
      "source": "devbox-search",
      "version": "2021-01-13"
    },
    "gopls@0.18.1": {
      "last_modified": "2025-05-16T20:19:48Z",
      "resolved": "github:NixOS/nixpkgs/12a55407652e04dcf2309436eb06fef0d3713ef3#gopls",
      "source": "devbox-search",
      "version": "0.18.1",
      "systems": {
        "aarch64-darwin": {
          "outputs": [
            {
              "name": "out",
              "path": "/nix/store/1ach7nckk6xbzci0bdasj22kps2s5pj8-gopls-0.18.1",
              "default": true
            }
          ],
          "store_path": "/nix/store/1ach7nckk6xbzci0bdasj22kps2s5pj8-gopls-0.18.1"
        },
        "aarch64-linux": {
          "outputs": [
            {
              "name": "out",
              "path": "/nix/store/qikfmz4nrw3whzyqgl1dqd0d6cmx72qm-gopls-0.18.1",
              "default": true
            }
          ],
          "store_path": "/nix/store/qikfmz4nrw3whzyqgl1dqd0d6cmx72qm-gopls-0.18.1"
        },
        "x86_64-darwin": {
          "outputs": [
            {
              "name": "out",
              "path": "/nix/store/7ycl4jipl165s6nqphn337vqal3sn461-gopls-0.18.1",
              "default": true
            }
          ],
          "store_path": "/nix/store/7ycl4jipl165s6nqphn337vqal3sn461-gopls-0.18.1"
        },
        "x86_64-linux": {
          "outputs": [
            {
              "name": "out",
              "path": "/nix/store/dyq17gi1j5ra1qrga0ny1cbhblc1lp76-gopls-0.18.1",
              "default": true
            }
          ],
          "store_path": "/nix/store/dyq17gi1j5ra1qrga0ny1cbhblc1lp76-gopls-0.18.1"
        }
      }
    },
    "govulncheck@1.1.4": {
      "last_modified": "2025-05-16T20:19:48Z",
      "resolved": "github:NixOS/nixpkgs/12a55407652e04dcf2309436eb06fef0d3713ef3#govulncheck",
      "source": "devbox-search",
      "version": "1.1.4",
      "systems": {
        "aarch64-darwin": {
          "outputs": [
            {
              "name": "out",
              "path": "/nix/store/8rni7fry5sg928cqal7nglpqm8gppv81-govulncheck-1.1.4",
              "default": true
            }
          ],
          "store_path": "/nix/store/8rni7fry5sg928cqal7nglpqm8gppv81-govulncheck-1.1.4"
        },
        "aarch64-linux": {
          "outputs": [
            {
              "name": "out",
              "path": "/nix/store/vkblf0jwdhrmy2m3pna5nn0cqrik7vlb-govulncheck-1.1.4",
              "default": true
            }
          ],
          "store_path": "/nix/store/vkblf0jwdhrmy2m3pna5nn0cqrik7vlb-govulncheck-1.1.4"
        },
        "x86_64-darwin": {
          "outputs": [
            {
              "name": "out",
              "path": "/nix/store/clr0jn9ggj928iyghhvd20h487rvz3r7-govulncheck-1.1.4",
              "default": true
            }
          ],
          "store_path": "/nix/store/clr0jn9ggj928iyghhvd20h487rvz3r7-govulncheck-1.1.4"
        },
        "x86_64-linux": {
          "outputs": [
            {
              "name": "out",
              "path": "/nix/store/6nd9kbizh0w8yg0lsvm2gf458xd8m8j2-govulncheck-1.1.4",
              "default": true
            }
          ],
          "store_path": "/nix/store/6nd9kbizh0w8yg0lsvm2gf458xd8m8j2-govulncheck-1.1.4"
        }
      }
    },
    "grpcurl@1.9.3": {
      "last_modified": "2025-07-28T17:09:23Z",
      "resolved": "github:NixOS/nixpkgs/648f70160c03151bc2121d179291337ad6bc564b#grpcurl",
      "source": "devbox-search",
      "version": "1.9.3",
      "systems": {
        "aarch64-darwin": {
          "outputs": [
            {
              "name": "out",
              "path": "/nix/store/gwzgqymlyk2s3yrvkv9plzsczw3hgpv1-grpcurl-1.9.3",
              "default": true
            }
          ],
          "store_path": "/nix/store/gwzgqymlyk2s3yrvkv9plzsczw3hgpv1-grpcurl-1.9.3"
        },
        "aarch64-linux": {
          "outputs": [
            {
              "name": "out",
              "path": "/nix/store/fyf298bna57m15w9k3mmd5kqd6v34r9w-grpcurl-1.9.3",
              "default": true
            }
          ],
          "store_path": "/nix/store/fyf298bna57m15w9k3mmd5kqd6v34r9w-grpcurl-1.9.3"
        },
        "x86_64-darwin": {
          "outputs": [
            {
              "name": "out",
              "path": "/nix/store/2msldljnmk94bd903z5lkz2106bxsmzd-grpcurl-1.9.3",
              "default": true
            }
          ],
          "store_path": "/nix/store/2msldljnmk94bd903z5lkz2106bxsmzd-grpcurl-1.9.3"
        },
        "x86_64-linux": {
          "outputs": [
            {
              "name": "out",
              "path": "/nix/store/dl27mgdd20y62xvqbbpxr5vlrihsxkyx-grpcurl-1.9.3",
              "default": true
            }
          ],
          "store_path": "/nix/store/dl27mgdd20y62xvqbbpxr5vlrihsxkyx-grpcurl-1.9.3"
        }
      }
    },
    "hugo@0.148.1": {
      "last_modified": "2025-07-13T22:45:35Z",
      "resolved": "github:NixOS/nixpkgs/a421ac6595024edcfbb1ef950a3712b89161c359#hugo",
      "source": "devbox-search",
      "version": "0.148.1",
      "systems": {
        "aarch64-darwin": {
          "outputs": [
            {
              "name": "out",
              "path": "/nix/store/4md0rqs1b9kapmy10g8sd6vb4nni3ybc-hugo-0.148.1",
              "default": true
            }
          ],
          "store_path": "/nix/store/4md0rqs1b9kapmy10g8sd6vb4nni3ybc-hugo-0.148.1"
        },
        "aarch64-linux": {
          "outputs": [
            {
              "name": "out",
              "path": "/nix/store/7faakqrln5klfqmpyv2nc3s39n4s0998-hugo-0.148.1",
              "default": true
            }
          ],
          "store_path": "/nix/store/7faakqrln5klfqmpyv2nc3s39n4s0998-hugo-0.148.1"
        },
        "x86_64-darwin": {
          "outputs": [
            {
              "name": "out",
              "path": "/nix/store/sxyfxn3lzdxq97p1mirzkssrra3apypv-hugo-0.148.1",
              "default": true
            }
          ],
          "store_path": "/nix/store/sxyfxn3lzdxq97p1mirzkssrra3apypv-hugo-0.148.1"
        },
        "x86_64-linux": {
          "outputs": [
            {
              "name": "out",
              "path": "/nix/store/w4awv0aifpbwv5yvdqf09b0pm1krsc9n-hugo-0.148.1",
              "default": true
            }
          ],
          "store_path": "/nix/store/w4awv0aifpbwv5yvdqf09b0pm1krsc9n-hugo-0.148.1"
        }
      }
    },
    "k9s@0.50.6": {
      "last_modified": "2025-06-01T15:36:18Z",
      "resolved": "github:NixOS/nixpkgs/5929de975bcf4c7c8d8b5ca65c8cd9ef9e44523e#k9s",
      "source": "devbox-search",
      "version": "0.50.6",
      "systems": {
        "aarch64-darwin": {
          "outputs": [
            {
              "name": "out",
              "path": "/nix/store/0kjbnz4vyqv50xmidkf3a9fd9xkv7qnx-k9s-0.50.6",
              "default": true
            }
          ],
          "store_path": "/nix/store/0kjbnz4vyqv50xmidkf3a9fd9xkv7qnx-k9s-0.50.6"
        },
        "aarch64-linux": {
          "outputs": [
            {
              "name": "out",
              "path": "/nix/store/cy9v8qdf8y1g45774rm9jzw03pf0866d-k9s-0.50.6",
              "default": true
            }
          ],
          "store_path": "/nix/store/cy9v8qdf8y1g45774rm9jzw03pf0866d-k9s-0.50.6"
        },
        "x86_64-darwin": {
          "outputs": [
            {
              "name": "out",
              "path": "/nix/store/33wpwmnd235m388diiky223sm2g1gf9g-k9s-0.50.6",
              "default": true
            }
          ],
          "store_path": "/nix/store/33wpwmnd235m388diiky223sm2g1gf9g-k9s-0.50.6"
        },
        "x86_64-linux": {
          "outputs": [
            {
              "name": "out",
              "path": "/nix/store/ym871cb8337ph62j517586skc6ya7znp-k9s-0.50.6",
              "default": true
            }
          ],
          "store_path": "/nix/store/ym871cb8337ph62j517586skc6ya7znp-k9s-0.50.6"
        }
      }
    },
    "kubectl@1.33.1": {
      "last_modified": "2025-05-24T21:46:02Z",
      "resolved": "github:NixOS/nixpkgs/edb3633f9100d9277d1c9af245a4e9337a980c07#kubectl",
      "source": "devbox-search",
      "version": "1.33.1",
      "systems": {
        "aarch64-darwin": {
          "outputs": [
            {
              "name": "out",
              "path": "/nix/store/vcq5gsn9rp26xbz14b5b2fd8map8qnvj-kubectl-1.33.1",
              "default": true
            },
            {
              "name": "man",
              "path": "/nix/store/20v8bx884m4i34zdkksdq5qpkm966m65-kubectl-1.33.1-man",
              "default": true
            },
            {
              "name": "convert",
              "path": "/nix/store/cjm9i86w7is18g3cpsgfc0c3jmsnp0s8-kubectl-1.33.1-convert"
            }
          ],
          "store_path": "/nix/store/vcq5gsn9rp26xbz14b5b2fd8map8qnvj-kubectl-1.33.1"
        },
        "aarch64-linux": {
          "outputs": [
            {
              "name": "out",
              "path": "/nix/store/m8406nxn25y7a80jxq6mdk70p1xl8xrc-kubectl-1.33.1",
              "default": true
            },
            {
              "name": "man",
              "path": "/nix/store/gy8hdpwiqcy35zp0a9imbv4fqqy3cwn8-kubectl-1.33.1-man",
              "default": true
            },
            {
              "name": "convert",
              "path": "/nix/store/kh7b55lvpwfrdfbq3qrzcj9qjanfqn7c-kubectl-1.33.1-convert"
            }
          ],
          "store_path": "/nix/store/m8406nxn25y7a80jxq6mdk70p1xl8xrc-kubectl-1.33.1"
        },
        "x86_64-darwin": {
          "outputs": [
            {
              "name": "out",
              "path": "/nix/store/g8r4y54jpdyrvnrbhqyg60sr1wpqx0ff-kubectl-1.33.1",
              "default": true
            },
            {
              "name": "man",
              "path": "/nix/store/0n7ik9w8sjrhanv7yb1ijhwyawx7xcz2-kubectl-1.33.1-man",
              "default": true
            },
            {
              "name": "convert",
              "path": "/nix/store/fdpw2205wf6qq7h271nzbhxdmx561vq0-kubectl-1.33.1-convert"
            }
          ],
          "store_path": "/nix/store/g8r4y54jpdyrvnrbhqyg60sr1wpqx0ff-kubectl-1.33.1"
        },
        "x86_64-linux": {
          "outputs": [
            {
              "name": "out",
              "path": "/nix/store/lrfm3r4z5iqyn5fqf085bdyp7b5ghhdr-kubectl-1.33.1",
              "default": true
            },
            {
              "name": "man",
              "path": "/nix/store/hhank6pxbzwzm6b6gphpc1rj2jjdpmmk-kubectl-1.33.1-man",
              "default": true
            },
            {
              "name": "convert",
              "path": "/nix/store/yqlm8fmchxsxzica482r16sfm8x84hck-kubectl-1.33.1-convert"
            }
          ],
          "store_path": "/nix/store/lrfm3r4z5iqyn5fqf085bdyp7b5ghhdr-kubectl-1.33.1"
        }
      }
    },
    "kubectx@0.9.5": {
      "last_modified": "2025-05-16T20:19:48Z",
      "resolved": "github:NixOS/nixpkgs/12a55407652e04dcf2309436eb06fef0d3713ef3#kubectx",
      "source": "devbox-search",
      "version": "0.9.5",
      "systems": {
        "aarch64-darwin": {
          "outputs": [
            {
              "name": "out",
              "path": "/nix/store/v95vwkbic2zsbah72ax8zqppmaaglhg3-kubectx-0.9.5",
              "default": true
            }
          ],
          "store_path": "/nix/store/v95vwkbic2zsbah72ax8zqppmaaglhg3-kubectx-0.9.5"
        },
        "aarch64-linux": {
          "outputs": [
            {
              "name": "out",
              "path": "/nix/store/cknyw01hrqgw7hl5z5hq4xhdm7z7cl5g-kubectx-0.9.5",
              "default": true
            }
          ],
          "store_path": "/nix/store/cknyw01hrqgw7hl5z5hq4xhdm7z7cl5g-kubectx-0.9.5"
        },
        "x86_64-darwin": {
          "outputs": [
            {
              "name": "out",
              "path": "/nix/store/79h8kfnc06r75h7fk5v6wfwjci5kkwmb-kubectx-0.9.5",
              "default": true
            }
          ],
          "store_path": "/nix/store/79h8kfnc06r75h7fk5v6wfwjci5kkwmb-kubectx-0.9.5"
        },
        "x86_64-linux": {
          "outputs": [
            {
              "name": "out",
              "path": "/nix/store/cqwhwxb7iyfm31imc6v68p9655nmzzys-kubectx-0.9.5",
              "default": true
            }
          ],
          "store_path": "/nix/store/cqwhwxb7iyfm31imc6v68p9655nmzzys-kubectx-0.9.5"
        }
      }
    },
    "kubernetes-helm@3.18.2": {
      "last_modified": "2025-06-12T07:29:08Z",
      "resolved": "github:NixOS/nixpkgs/d202f48f1249f013aa2660c6733e251c85712cbe#kubernetes-helm",
      "source": "devbox-search",
      "version": "3.18.2",
      "systems": {
        "aarch64-darwin": {
          "outputs": [
            {
              "name": "out",
              "path": "/nix/store/jlp184pfj4sr13bynvhh2xdr2kcqki6s-kubernetes-helm-3.18.2",
              "default": true
            }
          ],
          "store_path": "/nix/store/jlp184pfj4sr13bynvhh2xdr2kcqki6s-kubernetes-helm-3.18.2"
        },
        "aarch64-linux": {
          "outputs": [
            {
              "name": "out",
              "path": "/nix/store/iyc7rs8vwp0dgjsjbkln1aa32gfls80l-kubernetes-helm-3.18.2",
              "default": true
            }
          ],
          "store_path": "/nix/store/iyc7rs8vwp0dgjsjbkln1aa32gfls80l-kubernetes-helm-3.18.2"
        },
        "x86_64-darwin": {
          "outputs": [
            {
              "name": "out",
              "path": "/nix/store/hxwfq2n2shcwvg0mz967d12clys1i2hd-kubernetes-helm-3.18.2",
              "default": true
            }
          ],
          "store_path": "/nix/store/hxwfq2n2shcwvg0mz967d12clys1i2hd-kubernetes-helm-3.18.2"
        },
        "x86_64-linux": {
          "outputs": [
            {
              "name": "out",
              "path": "/nix/store/i7ak9gjj38s29k5lxjnak735713caf6f-kubernetes-helm-3.18.2",
              "default": true
            }
          ],
          "store_path": "/nix/store/i7ak9gjj38s29k5lxjnak735713caf6f-kubernetes-helm-3.18.2"
        }
      }
    },
    "maven@3.9.9": {
      "last_modified": "2025-06-20T02:24:11Z",
      "resolved": "github:NixOS/nixpkgs/076e8c6678d8c54204abcb4b1b14c366835a58bb#maven",
      "source": "devbox-search",
      "version": "3.9.9",
      "systems": {
        "aarch64-darwin": {
          "outputs": [
            {
              "name": "out",
              "path": "/nix/store/4sg474wyf2s8j57w83c11zd557gyimmp-maven-3.9.9",
              "default": true
            }
          ],
          "store_path": "/nix/store/4sg474wyf2s8j57w83c11zd557gyimmp-maven-3.9.9"
        },
        "aarch64-linux": {
          "outputs": [
            {
              "name": "out",
              "path": "/nix/store/qkfdylysqwrzwspwxqqyv7lq244p39qc-maven-3.9.9",
              "default": true
            }
          ],
          "store_path": "/nix/store/qkfdylysqwrzwspwxqqyv7lq244p39qc-maven-3.9.9"
        },
        "x86_64-darwin": {
          "outputs": [
            {
              "name": "out",
              "path": "/nix/store/j0pdklgk93si47d1d28l7278n96akx8p-maven-3.9.9",
              "default": true
            }
          ],
          "store_path": "/nix/store/j0pdklgk93si47d1d28l7278n96akx8p-maven-3.9.9"
        },
        "x86_64-linux": {
          "outputs": [
            {
              "name": "out",
              "path": "/nix/store/vzx36lvpjzsinzw6hkhklpc4yfs8f3pn-maven-3.9.9",
              "default": true
            }
          ],
          "store_path": "/nix/store/vzx36lvpjzsinzw6hkhklpc4yfs8f3pn-maven-3.9.9"
        }
      }
    },
    "nodejs@24.1.0": {
      "last_modified": "2025-06-11T05:21:29Z",
      "plugin_version": "0.0.2",
      "resolved": "github:NixOS/nixpkgs/f72be405a10668b8b00937b452f2145244103ebc#nodejs_24",
      "source": "devbox-search",
      "version": "24.1.0",
      "systems": {
        "aarch64-darwin": {
          "outputs": [
            {
              "name": "out",
              "path": "/nix/store/2q5an9rpdq4vhc5ag04ajxnzxxqsqchq-nodejs-24.1.0",
              "default": true
            },
            {
              "name": "dev",
              "path": "/nix/store/hb25vqffnqd3hl7glmm1y4n54bmpfppr-nodejs-24.1.0-dev"
            },
            {
              "name": "libv8",
              "path": "/nix/store/jw04y4lzw7x0v2yh437s3l6cri5l50vv-nodejs-24.1.0-libv8"
            }
          ],
          "store_path": "/nix/store/2q5an9rpdq4vhc5ag04ajxnzxxqsqchq-nodejs-24.1.0"
        },
        "aarch64-linux": {
          "outputs": [
            {
              "name": "out",
              "path": "/nix/store/1ypnf27d1amna71zl7jgjpli4r2xqzx9-nodejs-24.1.0",
              "default": true
            },
            {
              "name": "dev",
              "path": "/nix/store/3alphvmg91jin165pj9q5zfk7j40azbg-nodejs-24.1.0-dev"
            },
            {
              "name": "libv8",
              "path": "/nix/store/z1cbkwmgw0f94rhvc40v3k8z1rg9zkzf-nodejs-24.1.0-libv8"
            }
          ],
          "store_path": "/nix/store/1ypnf27d1amna71zl7jgjpli4r2xqzx9-nodejs-24.1.0"
        },
        "x86_64-darwin": {
          "outputs": [
            {
              "name": "out",
              "path": "/nix/store/plga9910l27vbg30ajmdsmccyj2a3pxm-nodejs-24.1.0",
              "default": true
            },
            {
              "name": "libv8",
              "path": "/nix/store/d6cq633qq8jr8liaip97fjwpv9r15ivb-nodejs-24.1.0-libv8"
            },
            {
              "name": "dev",
              "path": "/nix/store/4b8xp5vrd08ca1im5b607x1wwvy4njjx-nodejs-24.1.0-dev"
            }
          ],
          "store_path": "/nix/store/plga9910l27vbg30ajmdsmccyj2a3pxm-nodejs-24.1.0"
        },
        "x86_64-linux": {
          "outputs": [
            {
              "name": "out",
              "path": "/nix/store/wnayblhh0555nwfccnzcqkzph52y4yby-nodejs-24.1.0",
              "default": true
            },
            {
              "name": "libv8",
              "path": "/nix/store/4paqvzbw7jjzvn64liv5wwzc7fdsr7k7-nodejs-24.1.0-libv8"
            },
            {
              "name": "dev",
              "path": "/nix/store/8ydr7k53w188y9fhskl7ahl8ibchx7w8-nodejs-24.1.0-dev"
            }
          ],
          "store_path": "/nix/store/wnayblhh0555nwfccnzcqkzph52y4yby-nodejs-24.1.0"
        }
      }
    },
    "openjdk@17.0.1": {
      "last_modified": "2022-05-03T02:40:48Z",
      "resolved": "github:NixOS/nixpkgs/24c33ab7952544ad355d0677c9eea931b23f371c#openjdk",
      "source": "devbox-search",
      "version": "17.0.1"
    },
    "openshift@4.16.0": {
      "last_modified": "2025-07-28T17:09:23Z",
      "resolved": "github:NixOS/nixpkgs/648f70160c03151bc2121d179291337ad6bc564b#openshift",
      "source": "devbox-search",
      "version": "4.16.0",
      "systems": {
        "aarch64-darwin": {
          "outputs": [
            {
              "name": "out",
              "path": "/nix/store/pqi0mnx4i97gfhgxnyyc464dg046s01b-openshift-4.16.0",
              "default": true
            }
          ],
          "store_path": "/nix/store/pqi0mnx4i97gfhgxnyyc464dg046s01b-openshift-4.16.0"
        },
        "aarch64-linux": {
          "outputs": [
            {
              "name": "out",
              "path": "/nix/store/xxddhks3da3cpjrpq427bk3f5hzm7hp2-openshift-4.16.0",
              "default": true
            }
          ],
          "store_path": "/nix/store/xxddhks3da3cpjrpq427bk3f5hzm7hp2-openshift-4.16.0"
        },
        "x86_64-darwin": {
          "outputs": [
            {
              "name": "out",
              "path": "/nix/store/n7v5jqf2nssq05gi7p6j87lwvyhhj3fy-openshift-4.16.0",
              "default": true
            }
          ],
          "store_path": "/nix/store/n7v5jqf2nssq05gi7p6j87lwvyhhj3fy-openshift-4.16.0"
        },
        "x86_64-linux": {
          "outputs": [
            {
              "name": "out",
              "path": "/nix/store/57iq1kvv06952dpgnknb322d1xjd2ldc-openshift-4.16.0",
              "default": true
            }
          ],
          "store_path": "/nix/store/57iq1kvv06952dpgnknb322d1xjd2ldc-openshift-4.16.0"
        }
      }
    },
    "pipenv@2025.0.3": {
      "last_modified": "2025-06-20T02:24:11Z",
      "resolved": "github:NixOS/nixpkgs/076e8c6678d8c54204abcb4b1b14c366835a58bb#pipenv",
      "source": "devbox-search",
      "version": "2025.0.3",
      "systems": {
        "aarch64-darwin": {
          "outputs": [
            {
              "name": "out",
              "path": "/nix/store/gwdyqb00yagsmsm1vdalagxzz26gnd8r-pipenv-2025.0.3",
              "default": true
            },
            {
              "name": "dist",
              "path": "/nix/store/cgcq1ajgdhcnxzahdal7wl7iynck40hg-pipenv-2025.0.3-dist"
            }
          ],
          "store_path": "/nix/store/gwdyqb00yagsmsm1vdalagxzz26gnd8r-pipenv-2025.0.3"
        },
        "aarch64-linux": {
          "outputs": [
            {
              "name": "out",
              "path": "/nix/store/y0klk3ypyprrl1cphn84dwb0922nzs6s-pipenv-2025.0.3",
              "default": true
            },
            {
              "name": "dist",
              "path": "/nix/store/w9059vsm3p12xhgs05lhkghsb4dyrm39-pipenv-2025.0.3-dist"
            }
          ],
          "store_path": "/nix/store/y0klk3ypyprrl1cphn84dwb0922nzs6s-pipenv-2025.0.3"
        },
        "x86_64-darwin": {
          "outputs": [
            {
              "name": "out",
              "path": "/nix/store/r094qys1rff78fhpcjnavj2i8l32nm6x-pipenv-2025.0.3",
              "default": true
            },
            {
              "name": "dist",
              "path": "/nix/store/fh3q3kaprz73hk8bchyparxqxw1bq6h2-pipenv-2025.0.3-dist"
            }
          ],
          "store_path": "/nix/store/r094qys1rff78fhpcjnavj2i8l32nm6x-pipenv-2025.0.3"
        },
        "x86_64-linux": {
          "outputs": [
            {
              "name": "out",
              "path": "/nix/store/l663xbhq5sdcsq3l80c6rmfr7a59rdx0-pipenv-2025.0.3",
              "default": true
            },
            {
              "name": "dist",
              "path": "/nix/store/sw1ihzcz5wb6l9l5pfs554c427nahb7l-pipenv-2025.0.3-dist"
            }
          ],
          "store_path": "/nix/store/l663xbhq5sdcsq3l80c6rmfr7a59rdx0-pipenv-2025.0.3"
        }
      }
    },
    "protobuf@31.1": {
      "last_modified": "2025-07-28T17:09:23Z",
      "resolved": "github:NixOS/nixpkgs/648f70160c03151bc2121d179291337ad6bc564b#protobuf",
      "source": "devbox-search",
      "version": "31.1",
      "systems": {
        "aarch64-darwin": {
          "outputs": [
            {
              "name": "out",
              "path": "/nix/store/7862xphb8a6sxwx5g2mqbp19jbmdjcgr-protobuf-31.1",
              "default": true
            }
          ],
          "store_path": "/nix/store/7862xphb8a6sxwx5g2mqbp19jbmdjcgr-protobuf-31.1"
        },
        "aarch64-linux": {
          "outputs": [
            {
              "name": "out",
              "path": "/nix/store/ff3xazkgjjdr1lfi22ys8gz55ddqkq16-protobuf-31.1",
              "default": true
            }
          ],
          "store_path": "/nix/store/ff3xazkgjjdr1lfi22ys8gz55ddqkq16-protobuf-31.1"
        },
        "x86_64-darwin": {
          "outputs": [
            {
              "name": "out",
              "path": "/nix/store/yybkqn0djvgmsizndrl1sp7y7a5wsqwq-protobuf-31.1",
              "default": true
            }
          ],
          "store_path": "/nix/store/yybkqn0djvgmsizndrl1sp7y7a5wsqwq-protobuf-31.1"
        },
        "x86_64-linux": {
          "outputs": [
            {
              "name": "out",
              "path": "/nix/store/82dkd41796gz81i8nqx70xjcajy32p3q-protobuf-31.1",
              "default": true
            }
          ],
          "store_path": "/nix/store/82dkd41796gz81i8nqx70xjcajy32p3q-protobuf-31.1"
        }
      }
    },
    "protoc-gen-go-grpc@1.5.1": {
      "last_modified": "2025-07-28T17:09:23Z",
      "resolved": "github:NixOS/nixpkgs/648f70160c03151bc2121d179291337ad6bc564b#protoc-gen-go-grpc",
      "source": "devbox-search",
      "version": "1.5.1",
      "systems": {
        "aarch64-darwin": {
          "outputs": [
            {
              "name": "out",
              "path": "/nix/store/kwr7ii22s44xdx9y10hz9pc1mjr828q4-protoc-gen-go-grpc-1.5.1",
              "default": true
            }
          ],
          "store_path": "/nix/store/kwr7ii22s44xdx9y10hz9pc1mjr828q4-protoc-gen-go-grpc-1.5.1"
        },
        "aarch64-linux": {
          "outputs": [
            {
              "name": "out",
              "path": "/nix/store/bm68q3p13x9myaf98dvsnq8kkg5dryzl-protoc-gen-go-grpc-1.5.1",
              "default": true
            }
          ],
          "store_path": "/nix/store/bm68q3p13x9myaf98dvsnq8kkg5dryzl-protoc-gen-go-grpc-1.5.1"
        },
        "x86_64-darwin": {
          "outputs": [
            {
              "name": "out",
              "path": "/nix/store/k0cmsizsnvspfkjjrymbh8a9vxpvfvrm-protoc-gen-go-grpc-1.5.1",
              "default": true
            }
          ],
          "store_path": "/nix/store/k0cmsizsnvspfkjjrymbh8a9vxpvfvrm-protoc-gen-go-grpc-1.5.1"
        },
        "x86_64-linux": {
          "outputs": [
            {
              "name": "out",
              "path": "/nix/store/n9ix0sfsgqdxw5bbm6wwhra7213cldig-protoc-gen-go-grpc-1.5.1",
              "default": true
            }
          ],
          "store_path": "/nix/store/n9ix0sfsgqdxw5bbm6wwhra7213cldig-protoc-gen-go-grpc-1.5.1"
        }
      }
    },
    "protoc-gen-go@1.36.7": {
      "last_modified": "2025-08-08T08:05:48Z",
      "resolved": "github:NixOS/nixpkgs/a3f3e3f2c983e957af6b07a1db98bafd1f87b7a1#protoc-gen-go",
      "source": "devbox-search",
      "version": "1.36.7",
      "systems": {
        "aarch64-darwin": {
          "outputs": [
            {
              "name": "out",
              "path": "/nix/store/5s6j39z4w5zs1p14p2rc050vg8ak2p3w-protoc-gen-go-1.36.7",
              "default": true
            }
          ],
          "store_path": "/nix/store/5s6j39z4w5zs1p14p2rc050vg8ak2p3w-protoc-gen-go-1.36.7"
        },
        "aarch64-linux": {
          "outputs": [
            {
              "name": "out",
              "path": "/nix/store/wwqhhg5xcyk73qfa02p818azhkbwv49h-protoc-gen-go-1.36.7",
              "default": true
            }
          ],
          "store_path": "/nix/store/wwqhhg5xcyk73qfa02p818azhkbwv49h-protoc-gen-go-1.36.7"
        },
        "x86_64-darwin": {
          "outputs": [
            {
              "name": "out",
              "path": "/nix/store/3dviwf97jz0gakjdq7dbxl7fxyriw4z6-protoc-gen-go-1.36.7",
              "default": true
            }
          ],
          "store_path": "/nix/store/3dviwf97jz0gakjdq7dbxl7fxyriw4z6-protoc-gen-go-1.36.7"
        },
        "x86_64-linux": {
          "outputs": [
            {
              "name": "out",
              "path": "/nix/store/mhg1zjiq96vhl0wrs5wz5v3j12yxjxb7-protoc-gen-go-1.36.7",
              "default": true
            }
          ],
          "store_path": "/nix/store/mhg1zjiq96vhl0wrs5wz5v3j12yxjxb7-protoc-gen-go-1.36.7"
        }
      }
    },
    "python@3.13.3": {
      "last_modified": "2025-05-16T20:19:48Z",
      "plugin_version": "0.0.4",
      "resolved": "github:NixOS/nixpkgs/12a55407652e04dcf2309436eb06fef0d3713ef3#python313",
      "source": "devbox-search",
      "version": "3.13.3",
      "systems": {
        "aarch64-darwin": {
          "outputs": [
            {
              "name": "out",
              "path": "/nix/store/1a8xg8l3m67hxinxzzcsak9736qm9vsf-python3-3.13.3",
              "default": true
            }
          ],
          "store_path": "/nix/store/1a8xg8l3m67hxinxzzcsak9736qm9vsf-python3-3.13.3"
        },
        "aarch64-linux": {
          "outputs": [
            {
              "name": "out",
              "path": "/nix/store/yy0xvc2rydhrs0h1v8d7r3sql347xzz5-python3-3.13.3",
              "default": true
            },
            {
              "name": "debug",
              "path": "/nix/store/42bxfqfrh8cwspl7szr0cw8739xv8qlq-python3-3.13.3-debug"
            }
          ],
          "store_path": "/nix/store/yy0xvc2rydhrs0h1v8d7r3sql347xzz5-python3-3.13.3"
        },
        "x86_64-darwin": {
          "outputs": [
            {
              "name": "out",
              "path": "/nix/store/gbrigjhghz9v2p0zf9b2fnvs0g0yx7q4-python3-3.13.3",
              "default": true
            }
          ],
          "store_path": "/nix/store/gbrigjhghz9v2p0zf9b2fnvs0g0yx7q4-python3-3.13.3"
        },
        "x86_64-linux": {
          "outputs": [
            {
              "name": "out",
              "path": "/nix/store/2mab9iiwhcqwk75qwvp3zv0bvbiaq6cs-python3-3.13.3",
              "default": true
            },
            {
              "name": "debug",
              "path": "/nix/store/9z6k8ijl2md0y2n95yprbjj4vxbfsi15-python3-3.13.3-debug"
            }
          ],
          "store_path": "/nix/store/2mab9iiwhcqwk75qwvp3zv0bvbiaq6cs-python3-3.13.3"
        }
      }
    },
    "sqlc@1.29.0": {
      "last_modified": "2025-05-16T20:19:48Z",
      "resolved": "github:NixOS/nixpkgs/12a55407652e04dcf2309436eb06fef0d3713ef3#sqlc",
      "source": "devbox-search",
      "version": "1.29.0",
      "systems": {
        "aarch64-darwin": {
          "outputs": [
            {
              "name": "out",
              "path": "/nix/store/59x6309fph8whrgq9km66vh0m6xxbbsm-sqlc-1.29.0",
              "default": true
            }
          ],
          "store_path": "/nix/store/59x6309fph8whrgq9km66vh0m6xxbbsm-sqlc-1.29.0"
        },
        "aarch64-linux": {
          "outputs": [
            {
              "name": "out",
              "path": "/nix/store/8fivw8sfx1b5lskjzwdy3jpahpmpkgsf-sqlc-1.29.0",
              "default": true
            }
          ],
          "store_path": "/nix/store/8fivw8sfx1b5lskjzwdy3jpahpmpkgsf-sqlc-1.29.0"
        },
        "x86_64-darwin": {
          "outputs": [
            {
              "name": "out",
              "path": "/nix/store/0klmpx4r5y22qw4q7i77rak1qfxqmmi1-sqlc-1.29.0",
              "default": true
            }
          ],
          "store_path": "/nix/store/0klmpx4r5y22qw4q7i77rak1qfxqmmi1-sqlc-1.29.0"
        },
        "x86_64-linux": {
          "outputs": [
            {
              "name": "out",
              "path": "/nix/store/qs2fwl68y7vl6v82w7jh6bm0zp6k8xbz-sqlc-1.29.0",
              "default": true
            }
          ],
          "store_path": "/nix/store/qs2fwl68y7vl6v82w7jh6bm0zp6k8xbz-sqlc-1.29.0"
        }
      }
    },
    "ssm-session-manager-plugin@1.2.707.0": {
      "last_modified": "2025-05-16T20:19:48Z",
      "resolved": "github:NixOS/nixpkgs/12a55407652e04dcf2309436eb06fef0d3713ef3#ssm-session-manager-plugin",
      "source": "devbox-search",
      "version": "1.2.707.0",
      "systems": {
        "aarch64-darwin": {
          "outputs": [
            {
              "name": "out",
              "path": "/nix/store/yawp72x1cyadfddsgyg9pqal4b5b3208-ssm-session-manager-plugin-1.2.707.0",
              "default": true
            }
          ],
          "store_path": "/nix/store/yawp72x1cyadfddsgyg9pqal4b5b3208-ssm-session-manager-plugin-1.2.707.0"
        },
        "aarch64-linux": {
          "outputs": [
            {
              "name": "out",
              "path": "/nix/store/k3ilikpcnbi7gcg5rpnf5s5607m9gbl7-ssm-session-manager-plugin-1.2.707.0",
              "default": true
            }
          ],
          "store_path": "/nix/store/k3ilikpcnbi7gcg5rpnf5s5607m9gbl7-ssm-session-manager-plugin-1.2.707.0"
        },
        "x86_64-darwin": {
          "outputs": [
            {
              "name": "out",
              "path": "/nix/store/f8rbf3hv0rwjn8b1zj7zi3nx27xvrhz1-ssm-session-manager-plugin-1.2.707.0",
              "default": true
            }
          ],
          "store_path": "/nix/store/f8rbf3hv0rwjn8b1zj7zi3nx27xvrhz1-ssm-session-manager-plugin-1.2.707.0"
        },
        "x86_64-linux": {
          "outputs": [
            {
              "name": "out",
              "path": "/nix/store/9apr5wkmcbl2sk545hbdhnmkcmwazdd7-ssm-session-manager-plugin-1.2.707.0",
              "default": true
            }
          ],
          "store_path": "/nix/store/9apr5wkmcbl2sk545hbdhnmkcmwazdd7-ssm-session-manager-plugin-1.2.707.0"
        }
      }
    },
    "templ@0.3.865": {
      "last_modified": "2025-05-16T20:19:48Z",
      "resolved": "github:NixOS/nixpkgs/12a55407652e04dcf2309436eb06fef0d3713ef3#templ",
      "source": "devbox-search",
      "version": "0.3.865",
      "systems": {
        "aarch64-darwin": {
          "outputs": [
            {
              "name": "out",
              "path": "/nix/store/6lhjwyf6rdrmihdlc4ypy46gsd2ysjyv-templ-0.3.865",
              "default": true
            }
          ],
          "store_path": "/nix/store/6lhjwyf6rdrmihdlc4ypy46gsd2ysjyv-templ-0.3.865"
        },
        "aarch64-linux": {
          "outputs": [
            {
              "name": "out",
              "path": "/nix/store/6rr5gq33mnj76g8r3bwx35inq2iwx1jk-templ-0.3.865",
              "default": true
            }
          ],
          "store_path": "/nix/store/6rr5gq33mnj76g8r3bwx35inq2iwx1jk-templ-0.3.865"
        },
        "x86_64-darwin": {
          "outputs": [
            {
              "name": "out",
              "path": "/nix/store/s79pg2247kpidi5sf8p3mvz7jbli7j2p-templ-0.3.865",
              "default": true
            }
          ],
          "store_path": "/nix/store/s79pg2247kpidi5sf8p3mvz7jbli7j2p-templ-0.3.865"
        },
        "x86_64-linux": {
          "outputs": [
            {
              "name": "out",
              "path": "/nix/store/yq6xygf7hq5alzfwyalfd5wixwzswcfl-templ-0.3.865",
              "default": true
            }
          ],
          "store_path": "/nix/store/yq6xygf7hq5alzfwyalfd5wixwzswcfl-templ-0.3.865"
        }
      }
    },
    "terraform@1.11.4": {
      "last_modified": "2025-05-06T08:06:31Z",
      "resolved": "github:NixOS/nixpkgs/1cb1c02a6b1b7cf67e3d7731cbbf327a53da9679#terraform",
      "source": "devbox-search",
      "version": "1.11.4",
      "systems": {
        "aarch64-darwin": {
          "outputs": [
            {
              "name": "out",
              "path": "/nix/store/aq5vp53p4xn99yq43k8s5jcfkkbi7aqr-terraform-1.11.4",
              "default": true
            }
          ],
          "store_path": "/nix/store/aq5vp53p4xn99yq43k8s5jcfkkbi7aqr-terraform-1.11.4"
        },
        "aarch64-linux": {
          "outputs": [
            {
              "name": "out",
              "path": "/nix/store/86bvwkdd872kpfhs0aar93icbbcicq9s-terraform-1.11.4",
              "default": true
            }
          ],
          "store_path": "/nix/store/86bvwkdd872kpfhs0aar93icbbcicq9s-terraform-1.11.4"
        },
        "x86_64-darwin": {
          "outputs": [
            {
              "name": "out",
              "path": "/nix/store/xksc5sl9gpj2zaxyk7jr06j5rfkkv8w9-terraform-1.11.4",
              "default": true
            }
          ],
          "store_path": "/nix/store/xksc5sl9gpj2zaxyk7jr06j5rfkkv8w9-terraform-1.11.4"
        },
        "x86_64-linux": {
          "outputs": [
            {
              "name": "out",
              "path": "/nix/store/ngq7g491c89m02lwv1rjcdvr9nbj7x1z-terraform-1.11.4",
              "default": true
            }
          ],
          "store_path": "/nix/store/ngq7g491c89m02lwv1rjcdvr9nbj7x1z-terraform-1.11.4"
        }
      }
    }
  }
}
